
Microsoft Visual Studio Solution File, Format Version 12.00
# Visual Studio Version 17
VisualStudioVersion = 17.13.35931.197 d17.13
MinimumVisualStudioVersion = 10.0.40219.1
Project("{FAE04EC0-301F-11D3-BF4B-00C04F79EFBC}") = "SimpleBank", "SimpleBank\SimpleBank.csproj", "{F9D9935F-388A-411F-A746-435A5AA17012}"
EndProject
Project("{FAE04EC0-301F-11D3-BF4B-00C04F79EFBC}") = "SimpleBank.Application", "SimpleBank.Service\SimpleBank.Application.csproj", "{281F4926-1D51-472F-A344-04D83FC7F008}"
EndProject
Project("{FAE04EC0-301F-11D3-BF4B-00C04F79EFBC}") = "SimpleBank.Domain", "SimpleBank.Domain\SimpleBank.Domain.csproj", "{54BFD054-3BB7-495B-8D0A-9D7AE9C250D5}"
EndProject
Project("{FAE04EC0-301F-11D3-BF4B-00C04F79EFBC}") = "SimpleBank.Infra", "SimpleBank.Infra\SimpleBank.Infra.csproj", "{2C78DF9D-4B6A-4DB4-AC9E-4DAACB620B63}"
EndProject
Project("{FAE04EC0-301F-11D3-BF4B-00C04F79EFBC}") = "SimpleBank.Tests", "SimpleBank.Tests\SimpleBank.Tests.csproj", "{DC066945-93F6-4342-80DD-44C14146A5C8}"
EndProject
Global
	GlobalSection(SolutionConfigurationPlatforms) = preSolution
		Debug|Any CPU = Debug|Any CPU
		Release|Any CPU = Release|Any CPU
	EndGlobalSection
	GlobalSection(ProjectConfigurationPlatforms) = postSolution
		{F9D9935F-388A-411F-A746-435A5AA17012}.Debug|Any CPU.ActiveCfg = Debug|Any CPU
		{F9D9935F-388A-411F-A746-435A5AA17012}.Debug|Any CPU.Build.0 = Debug|Any CPU
		{F9D9935F-388A-411F-A746-435A5AA17012}.Release|Any CPU.ActiveCfg = Release|Any CPU
		{F9D9935F-388A-411F-A746-435A5AA17012}.Release|Any CPU.Build.0 = Release|Any CPU
		{281F4926-1D51-472F-A344-04D83FC7F008}.Debug|Any CPU.ActiveCfg = Debug|Any CPU
		{281F4926-1D51-472F-A344-04D83FC7F008}.Debug|Any CPU.Build.0 = Debug|Any CPU
		{281F4926-1D51-472F-A344-04D83FC7F008}.Release|Any CPU.ActiveCfg = Release|Any CPU
		{281F4926-1D51-472F-A344-04D83FC7F008}.Release|Any CPU.Build.0 = Release|Any CPU
		{54BFD054-3BB7-495B-8D0A-9D7AE9C250D5}.Debug|Any CPU.ActiveCfg = Debug|Any CPU
		{54BFD054-3BB7-495B-8D0A-9D7AE9C250D5}.Debug|Any CPU.Build.0 = Debug|Any CPU
		{54BFD054-3BB7-495B-8D0A-9D7AE9C250D5}.Release|Any CPU.ActiveCfg = Release|Any CPU
		{54BFD054-3BB7-495B-8D0A-9D7AE9C250D5}.Release|Any CPU.Build.0 = Release|Any CPU
		{2C78DF9D-4B6A-4DB4-AC9E-4DAACB620B63}.Debug|Any CPU.ActiveCfg = Debug|Any CPU
		{2C78DF9D-4B6A-4DB4-AC9E-4DAACB620B63}.Debug|Any CPU.Build.0 = Debug|Any CPU
		{2C78DF9D-4B6A-4DB4-AC9E-4DAACB620B63}.Release|Any CPU.ActiveCfg = Release|Any CPU
		{2C78DF9D-4B6A-4DB4-AC9E-4DAACB620B63}.Release|Any CPU.Build.0 = Release|Any CPU
		{DC066945-93F6-4342-80DD-44C14146A5C8}.Debug|Any CPU.ActiveCfg = Debug|Any CPU
		{DC066945-93F6-4342-80DD-44C14146A5C8}.Debug|Any CPU.Build.0 = Debug|Any CPU
		{DC066945-93F6-4342-80DD-44C14146A5C8}.Release|Any CPU.ActiveCfg = Release|Any CPU
		{DC066945-93F6-4342-80DD-44C14146A5C8}.Release|Any CPU.Build.0 = Release|Any CPU
	EndGlobalSection
	GlobalSection(SolutionProperties) = preSolution
		HideSolutionNode = FALSE
	EndGlobalSection
	GlobalSection(ExtensibilityGlobals) = postSolution
		SolutionGuid = {9AD3ACFD-5AD0-4642-95C0-AD863CA5ECDF}
	EndGlobalSection
EndGlobal
